
Microsoft Visual Studio Solution File, Format Version 12.00
Project("{FAE04EC0-301F-11D3-BF4B-00C04F79EFBC}") = "OrderService.Core", "OrderService.Core\OrderService.Core.csproj", "{569AB342-DB54-4DE5-BEB5-F88A057FE1D8}"
EndProject
Project("{FAE04EC0-301F-11D3-BF4B-00C04F79EFBC}") = "OrderService.CQRS", "OrderService.CQRS\OrderService.CQRS.csproj", "{585E4FEE-BA45-4E7B-A95D-3A61FF329545}"
EndProject
Project("{FAE04EC0-301F-11D3-BF4B-00C04F79EFBC}") = "OrderService.Entities", "OrderService.Entities\OrderService.Entities.csproj", "{CA8926D4-D0DC-4905-B381-505A920B8137}"
EndProject
Project("{FAE04EC0-301F-11D3-BF4B-00C04F79EFBC}") = "OrderService.Postgres", "OrderService.Postgres\OrderService.Postgres.csproj", "{CB44867C-9D33-41DB-8DD4-1157F012AEA8}"
EndProject
Project("{FAE04EC0-301F-11D3-BF4B-00C04F79EFBC}") = "OrderService.Repositories", "OrderService.Repositories\OrderService.Repositories.csproj", "{1F300447-60FC-4C34-9196-36A26054B8AF}"
EndProject
Project("{FAE04EC0-301F-11D3-BF4B-00C04F79EFBC}") = "OrderService.Mapping", "OrderService.Mapping\OrderService.Mapping.csproj", "{D98157B2-6B86-4F74-BDBB-A4030BB9918B}"
EndProject
Project("{FAE04EC0-301F-11D3-BF4B-00C04F79EFBC}") = "OrderService.Application", "OrderService.Application\OrderService.Application.csproj", "{87D48A6B-337F-4F13-A978-A5001D04415F}"
EndProject
Project("{FAE04EC0-301F-11D3-BF4B-00C04F79EFBC}") = "OrderService.Validation", "OrderService.Validation\OrderService.Validation.csproj", "{0C24DEAA-891C-4954-876A-3986B7085B1D}"
EndProject
Project("{FAE04EC0-301F-11D3-BF4B-00C04F79EFBC}") = "OrderService.OutboxDaemon", "OrderService.OutboxDaemon\OrderService.OutboxDaemon.csproj", "{D591C559-83BE-41E6-B75C-F3E8278A8D7C}"
EndProject
Project("{FAE04EC0-301F-11D3-BF4B-00C04F79EFBC}") = "OrderService.gRPC", "OrderService.gRPC\OrderService.gRPC.csproj", "{EC53E275-3A33-483E-8CC1-C1A8592B4385}"
EndProject
Project("{2150E333-8FDC-42A3-9474-1A3956D46DE8}") = "tests", "tests", "{9CF5B000-884F-4A35-8167-1FA58CFE6701}"
EndProject
Project("{FAE04EC0-301F-11D3-BF4B-00C04F79EFBC}") = "OrderService.Fixture", "OrderService.Fixture\OrderService.Fixture.csproj", "{E868D8EC-F1F4-4613-8678-19FBB3A4C663}"
EndProject
Project("{FAE04EC0-301F-11D3-BF4B-00C04F79EFBC}") = "OrderService.Repositories.Tests", "OrderService.Repositories.Tests\OrderService.Repositories.Tests.csproj", "{9F416686-AF96-43F3-88B3-84CB330D9BD7}"
EndProject
Project("{2150E333-8FDC-42A3-9474-1A3956D46DE8}") = "infrastructure", "infrastructure", "{A0F6C15A-6CD7-4C0F-A843-5BCCF1FE2E7F}"
EndProject
Project("{2150E333-8FDC-42A3-9474-1A3956D46DE8}") = "cross-cutting-concerns", "cross-cutting-concerns", "{510E8760-00D8-4A11-91DD-F8C28DCD2647}"
EndProject
Project("{2150E333-8FDC-42A3-9474-1A3956D46DE8}") = "core", "core", "{D411BCBE-4932-4720-8A5D-04F885490135}"
EndProject
Global
	GlobalSection(SolutionConfigurationPlatforms) = preSolution
		Debug|Any CPU = Debug|Any CPU
		Release|Any CPU = Release|Any CPU
	EndGlobalSection
	GlobalSection(ProjectConfigurationPlatforms) = postSolution
		{569AB342-DB54-4DE5-BEB5-F88A057FE1D8}.Debug|Any CPU.ActiveCfg = Debug|Any CPU
		{569AB342-DB54-4DE5-BEB5-F88A057FE1D8}.Debug|Any CPU.Build.0 = Debug|Any CPU
		{569AB342-DB54-4DE5-BEB5-F88A057FE1D8}.Release|Any CPU.ActiveCfg = Release|Any CPU
		{569AB342-DB54-4DE5-BEB5-F88A057FE1D8}.Release|Any CPU.Build.0 = Release|Any CPU
		{585E4FEE-BA45-4E7B-A95D-3A61FF329545}.Debug|Any CPU.ActiveCfg = Debug|Any CPU
		{585E4FEE-BA45-4E7B-A95D-3A61FF329545}.Debug|Any CPU.Build.0 = Debug|Any CPU
		{585E4FEE-BA45-4E7B-A95D-3A61FF329545}.Release|Any CPU.ActiveCfg = Release|Any CPU
		{585E4FEE-BA45-4E7B-A95D-3A61FF329545}.Release|Any CPU.Build.0 = Release|Any CPU
		{CA8926D4-D0DC-4905-B381-505A920B8137}.Debug|Any CPU.ActiveCfg = Debug|Any CPU
		{CA8926D4-D0DC-4905-B381-505A920B8137}.Debug|Any CPU.Build.0 = Debug|Any CPU
		{CA8926D4-D0DC-4905-B381-505A920B8137}.Release|Any CPU.ActiveCfg = Release|Any CPU
		{CA8926D4-D0DC-4905-B381-505A920B8137}.Release|Any CPU.Build.0 = Release|Any CPU
		{CB44867C-9D33-41DB-8DD4-1157F012AEA8}.Debug|Any CPU.ActiveCfg = Debug|Any CPU
		{CB44867C-9D33-41DB-8DD4-1157F012AEA8}.Debug|Any CPU.Build.0 = Debug|Any CPU
		{CB44867C-9D33-41DB-8DD4-1157F012AEA8}.Release|Any CPU.ActiveCfg = Release|Any CPU
		{CB44867C-9D33-41DB-8DD4-1157F012AEA8}.Release|Any CPU.Build.0 = Release|Any CPU
		{1F300447-60FC-4C34-9196-36A26054B8AF}.Debug|Any CPU.ActiveCfg = Debug|Any CPU
		{1F300447-60FC-4C34-9196-36A26054B8AF}.Debug|Any CPU.Build.0 = Debug|Any CPU
		{1F300447-60FC-4C34-9196-36A26054B8AF}.Release|Any CPU.ActiveCfg = Release|Any CPU
		{1F300447-60FC-4C34-9196-36A26054B8AF}.Release|Any CPU.Build.0 = Release|Any CPU
		{D98157B2-6B86-4F74-BDBB-A4030BB9918B}.Debug|Any CPU.ActiveCfg = Debug|Any CPU
		{D98157B2-6B86-4F74-BDBB-A4030BB9918B}.Debug|Any CPU.Build.0 = Debug|Any CPU
		{D98157B2-6B86-4F74-BDBB-A4030BB9918B}.Release|Any CPU.ActiveCfg = Release|Any CPU
		{D98157B2-6B86-4F74-BDBB-A4030BB9918B}.Release|Any CPU.Build.0 = Release|Any CPU
		{87D48A6B-337F-4F13-A978-A5001D04415F}.Debug|Any CPU.ActiveCfg = Debug|Any CPU
		{87D48A6B-337F-4F13-A978-A5001D04415F}.Debug|Any CPU.Build.0 = Debug|Any CPU
		{87D48A6B-337F-4F13-A978-A5001D04415F}.Release|Any CPU.ActiveCfg = Release|Any CPU
		{87D48A6B-337F-4F13-A978-A5001D04415F}.Release|Any CPU.Build.0 = Release|Any CPU
		{0C24DEAA-891C-4954-876A-3986B7085B1D}.Debug|Any CPU.ActiveCfg = Debug|Any CPU
		{0C24DEAA-891C-4954-876A-3986B7085B1D}.Debug|Any CPU.Build.0 = Debug|Any CPU
		{0C24DEAA-891C-4954-876A-3986B7085B1D}.Release|Any CPU.ActiveCfg = Release|Any CPU
		{0C24DEAA-891C-4954-876A-3986B7085B1D}.Release|Any CPU.Build.0 = Release|Any CPU
		{D591C559-83BE-41E6-B75C-F3E8278A8D7C}.Debug|Any CPU.ActiveCfg = Debug|Any CPU
		{D591C559-83BE-41E6-B75C-F3E8278A8D7C}.Debug|Any CPU.Build.0 = Debug|Any CPU
		{D591C559-83BE-41E6-B75C-F3E8278A8D7C}.Release|Any CPU.ActiveCfg = Release|Any CPU
		{D591C559-83BE-41E6-B75C-F3E8278A8D7C}.Release|Any CPU.Build.0 = Release|Any CPU
		{EC53E275-3A33-483E-8CC1-C1A8592B4385}.Debug|Any CPU.ActiveCfg = Debug|Any CPU
		{EC53E275-3A33-483E-8CC1-C1A8592B4385}.Debug|Any CPU.Build.0 = Debug|Any CPU
		{EC53E275-3A33-483E-8CC1-C1A8592B4385}.Release|Any CPU.ActiveCfg = Release|Any CPU
		{EC53E275-3A33-483E-8CC1-C1A8592B4385}.Release|Any CPU.Build.0 = Release|Any CPU
		{E868D8EC-F1F4-4613-8678-19FBB3A4C663}.Debug|Any CPU.ActiveCfg = Debug|Any CPU
		{E868D8EC-F1F4-4613-8678-19FBB3A4C663}.Debug|Any CPU.Build.0 = Debug|Any CPU
		{E868D8EC-F1F4-4613-8678-19FBB3A4C663}.Release|Any CPU.ActiveCfg = Release|Any CPU
		{E868D8EC-F1F4-4613-8678-19FBB3A4C663}.Release|Any CPU.Build.0 = Release|Any CPU
		{9F416686-AF96-43F3-88B3-84CB330D9BD7}.Debug|Any CPU.ActiveCfg = Debug|Any CPU
		{9F416686-AF96-43F3-88B3-84CB330D9BD7}.Debug|Any CPU.Build.0 = Debug|Any CPU
		{9F416686-AF96-43F3-88B3-84CB330D9BD7}.Release|Any CPU.ActiveCfg = Release|Any CPU
		{9F416686-AF96-43F3-88B3-84CB330D9BD7}.Release|Any CPU.Build.0 = Release|Any CPU
	EndGlobalSection
	GlobalSection(NestedProjects) = preSolution
		{E868D8EC-F1F4-4613-8678-19FBB3A4C663} = {9CF5B000-884F-4A35-8167-1FA58CFE6701}
		{9F416686-AF96-43F3-88B3-84CB330D9BD7} = {9CF5B000-884F-4A35-8167-1FA58CFE6701}
		{1F300447-60FC-4C34-9196-36A26054B8AF} = {A0F6C15A-6CD7-4C0F-A843-5BCCF1FE2E7F}
		{CB44867C-9D33-41DB-8DD4-1157F012AEA8} = {A0F6C15A-6CD7-4C0F-A843-5BCCF1FE2E7F}
		{D591C559-83BE-41E6-B75C-F3E8278A8D7C} = {A0F6C15A-6CD7-4C0F-A843-5BCCF1FE2E7F}
		{0C24DEAA-891C-4954-876A-3986B7085B1D} = {510E8760-00D8-4A11-91DD-F8C28DCD2647}
		{D98157B2-6B86-4F74-BDBB-A4030BB9918B} = {510E8760-00D8-4A11-91DD-F8C28DCD2647}
		{569AB342-DB54-4DE5-BEB5-F88A057FE1D8} = {D411BCBE-4932-4720-8A5D-04F885490135}
		{585E4FEE-BA45-4E7B-A95D-3A61FF329545} = {D411BCBE-4932-4720-8A5D-04F885490135}
		{87D48A6B-337F-4F13-A978-A5001D04415F} = {D411BCBE-4932-4720-8A5D-04F885490135}
		{EC53E275-3A33-483E-8CC1-C1A8592B4385} = {D411BCBE-4932-4720-8A5D-04F885490135}
		{CA8926D4-D0DC-4905-B381-505A920B8137} = {A0F6C15A-6CD7-4C0F-A843-5BCCF1FE2E7F}
	EndGlobalSection
EndGlobal
